
Microsoft Visual Studio Solution File, Format Version 11.00
# Visual Studio 2010
Project("{FAE04EC0-301F-11D3-BF4B-00C04F79EFBC}") = "Maze_assets", "Assembly-CSharp.csproj", "{332A273A-64D1-BE84-3003-B94CCB2BF0D5}"
EndProject
Project("{FAE04EC0-301F-11D3-BF4B-00C04F79EFBC}") = "Maze_assets", "Assembly-CSharp-Editor.csproj", "{50254748-F331-AAE1-8BA5-3C5296FE9060}"
EndProject
Global
	GlobalSection(SolutionConfigurationPlatforms) = preSolution
		Debug|Any CPU = Debug|Any CPU
		Release|Any CPU = Release|Any CPU
	EndGlobalSection
	GlobalSection(ProjectConfigurationPlatforms) = postSolution
		{332A273A-64D1-BE84-3003-B94CCB2BF0D5}.Debug|Any CPU.ActiveCfg = Debug|Any CPU
		{332A273A-64D1-BE84-3003-B94CCB2BF0D5}.Debug|Any CPU.Build.0 = Debug|Any CPU
		{332A273A-64D1-BE84-3003-B94CCB2BF0D5}.Release|Any CPU.ActiveCfg = Release|Any CPU
		{332A273A-64D1-BE84-3003-B94CCB2BF0D5}.Release|Any CPU.Build.0 = Release|Any CPU
		{50254748-F331-AAE1-8BA5-3C5296FE9060}.Debug|Any CPU.ActiveCfg = Debug|Any CPU
		{50254748-F331-AAE1-8BA5-3C5296FE9060}.Debug|Any CPU.Build.0 = Debug|Any CPU
		{50254748-F331-AAE1-8BA5-3C5296FE9060}.Release|Any CPU.ActiveCfg = Release|Any CPU
		{50254748-F331-AAE1-8BA5-3C5296FE9060}.Release|Any CPU.Build.0 = Release|Any CPU
	EndGlobalSection
	GlobalSection(SolutionProperties) = preSolution
		HideSolutionNode = FALSE
	EndGlobalSection
	GlobalSection(MonoDevelopProperties) = preSolution
		StartupItem = Assembly-CSharp.csproj
	EndGlobalSection
EndGlobal
