
Microsoft Visual Studio Solution File, Format Version 11.00
# Visual Studio 2010
Project("{FAE04EC0-301F-11D3-BF4B-00C04F79EFBC}") = "p2", "Assembly-CSharp.csproj", "{D0F062D2-5D7E-8495-7378-C6232FE6ED96}"
EndProject
Project("{FAE04EC0-301F-11D3-BF4B-00C04F79EFBC}") = "p2", "Assembly-CSharp-Editor.csproj", "{477E9003-76BB-D9AF-608C-DF871AE9F334}"
EndProject
Global
	GlobalSection(SolutionConfigurationPlatforms) = preSolution
		Debug|Any CPU = Debug|Any CPU
		Release|Any CPU = Release|Any CPU
	EndGlobalSection
	GlobalSection(ProjectConfigurationPlatforms) = postSolution
		{D0F062D2-5D7E-8495-7378-C6232FE6ED96}.Debug|Any CPU.ActiveCfg = Debug|Any CPU
		{D0F062D2-5D7E-8495-7378-C6232FE6ED96}.Debug|Any CPU.Build.0 = Debug|Any CPU
		{D0F062D2-5D7E-8495-7378-C6232FE6ED96}.Release|Any CPU.ActiveCfg = Release|Any CPU
		{D0F062D2-5D7E-8495-7378-C6232FE6ED96}.Release|Any CPU.Build.0 = Release|Any CPU
		{477E9003-76BB-D9AF-608C-DF871AE9F334}.Debug|Any CPU.ActiveCfg = Debug|Any CPU
		{477E9003-76BB-D9AF-608C-DF871AE9F334}.Debug|Any CPU.Build.0 = Debug|Any CPU
		{477E9003-76BB-D9AF-608C-DF871AE9F334}.Release|Any CPU.ActiveCfg = Release|Any CPU
		{477E9003-76BB-D9AF-608C-DF871AE9F334}.Release|Any CPU.Build.0 = Release|Any CPU
	EndGlobalSection
	GlobalSection(SolutionProperties) = preSolution
		HideSolutionNode = FALSE
	EndGlobalSection
	GlobalSection(MonoDevelopProperties) = preSolution
		StartupItem = Assembly-CSharp.csproj
	EndGlobalSection
EndGlobal
